
Microsoft Visual Studio Solution File, Format Version 12.00
# Visual Studio 15
VisualStudioVersion = 15.0.28010.2036
MinimumVisualStudioVersion = 10.0.40219.1
Project("{8BC9CEB8-8B4A-11D0-8D11-00A0C91BC942}") = "Create_Two_Processes", "Create_Two_Processes\Create_Two_Processes.vcxproj", "{A519BFA5-D770-4055-832D-0D7090DB8874}"
EndProject
Project("{8BC9CEB8-8B4A-11D0-8D11-00A0C91BC942}") = "Project1", "Project1\Project1.vcxproj", "{453DF51D-29CE-4B72-B688-24F0A8364AB9}"
EndProject
Project("{8BC9CEB8-8B4A-11D0-8D11-00A0C91BC942}") = "test", "test\test.vcxproj", "{21F6B691-E47D-4FE8-9D7F-5CCEE3858C0B}"
EndProject
Project("{8BC9CEB8-8B4A-11D0-8D11-00A0C91BC942}") = "ExoMars2020_Network", "ExoMars2020_Network\ExoMars2020_Network.vcxproj", "{A4ACBD05-65A0-4582-AFE4-E301B325A440}"
EndProject
Global
	GlobalSection(SolutionConfigurationPlatforms) = preSolution
		Debug|x64 = Debug|x64
		Debug|x86 = Debug|x86
		Release|x64 = Release|x64
		Release|x86 = Release|x86
	EndGlobalSection
	GlobalSection(ProjectConfigurationPlatforms) = postSolution
		{A519BFA5-D770-4055-832D-0D7090DB8874}.Debug|x64.ActiveCfg = Debug|x64
		{A519BFA5-D770-4055-832D-0D7090DB8874}.Debug|x64.Build.0 = Debug|x64
		{A519BFA5-D770-4055-832D-0D7090DB8874}.Debug|x86.ActiveCfg = Debug|Win32
		{A519BFA5-D770-4055-832D-0D7090DB8874}.Debug|x86.Build.0 = Debug|Win32
		{A519BFA5-D770-4055-832D-0D7090DB8874}.Release|x64.ActiveCfg = Release|x64
		{A519BFA5-D770-4055-832D-0D7090DB8874}.Release|x64.Build.0 = Release|x64
		{A519BFA5-D770-4055-832D-0D7090DB8874}.Release|x86.ActiveCfg = Release|Win32
		{A519BFA5-D770-4055-832D-0D7090DB8874}.Release|x86.Build.0 = Release|Win32
		{453DF51D-29CE-4B72-B688-24F0A8364AB9}.Debug|x64.ActiveCfg = Debug|x64
		{453DF51D-29CE-4B72-B688-24F0A8364AB9}.Debug|x64.Build.0 = Debug|x64
		{453DF51D-29CE-4B72-B688-24F0A8364AB9}.Debug|x86.ActiveCfg = Debug|Win32
		{453DF51D-29CE-4B72-B688-24F0A8364AB9}.Debug|x86.Build.0 = Debug|Win32
		{453DF51D-29CE-4B72-B688-24F0A8364AB9}.Release|x64.ActiveCfg = Release|x64
		{453DF51D-29CE-4B72-B688-24F0A8364AB9}.Release|x64.Build.0 = Release|x64
		{453DF51D-29CE-4B72-B688-24F0A8364AB9}.Release|x86.ActiveCfg = Release|Win32
		{453DF51D-29CE-4B72-B688-24F0A8364AB9}.Release|x86.Build.0 = Release|Win32
		{21F6B691-E47D-4FE8-9D7F-5CCEE3858C0B}.Debug|x64.ActiveCfg = Debug|x64
		{21F6B691-E47D-4FE8-9D7F-5CCEE3858C0B}.Debug|x64.Build.0 = Debug|x64
		{21F6B691-E47D-4FE8-9D7F-5CCEE3858C0B}.Debug|x86.ActiveCfg = Debug|Win32
		{21F6B691-E47D-4FE8-9D7F-5CCEE3858C0B}.Debug|x86.Build.0 = Debug|Win32
		{21F6B691-E47D-4FE8-9D7F-5CCEE3858C0B}.Release|x64.ActiveCfg = Release|x64
		{21F6B691-E47D-4FE8-9D7F-5CCEE3858C0B}.Release|x64.Build.0 = Release|x64
		{21F6B691-E47D-4FE8-9D7F-5CCEE3858C0B}.Release|x86.ActiveCfg = Release|Win32
		{21F6B691-E47D-4FE8-9D7F-5CCEE3858C0B}.Release|x86.Build.0 = Release|Win32
		{A4ACBD05-65A0-4582-AFE4-E301B325A440}.Debug|x64.ActiveCfg = Debug|x64
		{A4ACBD05-65A0-4582-AFE4-E301B325A440}.Debug|x64.Build.0 = Debug|x64
		{A4ACBD05-65A0-4582-AFE4-E301B325A440}.Debug|x86.ActiveCfg = Debug|Win32
		{A4ACBD05-65A0-4582-AFE4-E301B325A440}.Debug|x86.Build.0 = Debug|Win32
		{A4ACBD05-65A0-4582-AFE4-E301B325A440}.Release|x64.ActiveCfg = Release|x64
		{A4ACBD05-65A0-4582-AFE4-E301B325A440}.Release|x64.Build.0 = Release|x64
		{A4ACBD05-65A0-4582-AFE4-E301B325A440}.Release|x86.ActiveCfg = Release|Win32
		{A4ACBD05-65A0-4582-AFE4-E301B325A440}.Release|x86.Build.0 = Release|Win32
	EndGlobalSection
	GlobalSection(SolutionProperties) = preSolution
		HideSolutionNode = FALSE
	EndGlobalSection
	GlobalSection(ExtensibilityGlobals) = postSolution
		SolutionGuid = {F0F6EA74-6222-4A38-A994-9D6ECB09EFB3}
	EndGlobalSection
EndGlobal
